
Microsoft Visual Studio Solution File, Format Version 12.00
# Visual Studio Version 17
VisualStudioVersion = 17.3.32819.101
MinimumVisualStudioVersion = 10.0.40219.1
Project("{9A19103F-16F7-4668-BE54-9A1E7A4F7556}") = "Lab 4.1", "Lab 4.1\Lab 4.1.csproj", "{CBDA2348-5607-488F-9B6E-279FD39034FF}"
EndProject
Project("{FAE04EC0-301F-11D3-BF4B-00C04F79EFBC}") = "Lab 4.2", "Lab 4.2\Lab 4.2.csproj", "{09EE67D9-0D65-4AA3-8D43-BA90AAB09088}"
EndProject
Project("{FAE04EC0-301F-11D3-BF4B-00C04F79EFBC}") = "Lab 4.3", "Lab 4.3\Lab 4.3.csproj", "{C1EE157C-E51E-497D-9D52-AD55DA5ED364}"
EndProject
Global
	GlobalSection(SolutionConfigurationPlatforms) = preSolution
		Debug|Any CPU = Debug|Any CPU
		Release|Any CPU = Release|Any CPU
	EndGlobalSection
	GlobalSection(ProjectConfigurationPlatforms) = postSolution
		{CBDA2348-5607-488F-9B6E-279FD39034FF}.Debug|Any CPU.ActiveCfg = Debug|Any CPU
		{CBDA2348-5607-488F-9B6E-279FD39034FF}.Debug|Any CPU.Build.0 = Debug|Any CPU
		{CBDA2348-5607-488F-9B6E-279FD39034FF}.Release|Any CPU.ActiveCfg = Release|Any CPU
		{CBDA2348-5607-488F-9B6E-279FD39034FF}.Release|Any CPU.Build.0 = Release|Any CPU
		{09EE67D9-0D65-4AA3-8D43-BA90AAB09088}.Debug|Any CPU.ActiveCfg = Debug|Any CPU
		{09EE67D9-0D65-4AA3-8D43-BA90AAB09088}.Debug|Any CPU.Build.0 = Debug|Any CPU
		{09EE67D9-0D65-4AA3-8D43-BA90AAB09088}.Release|Any CPU.ActiveCfg = Release|Any CPU
		{09EE67D9-0D65-4AA3-8D43-BA90AAB09088}.Release|Any CPU.Build.0 = Release|Any CPU
		{C1EE157C-E51E-497D-9D52-AD55DA5ED364}.Debug|Any CPU.ActiveCfg = Debug|Any CPU
		{C1EE157C-E51E-497D-9D52-AD55DA5ED364}.Debug|Any CPU.Build.0 = Debug|Any CPU
		{C1EE157C-E51E-497D-9D52-AD55DA5ED364}.Release|Any CPU.ActiveCfg = Release|Any CPU
		{C1EE157C-E51E-497D-9D52-AD55DA5ED364}.Release|Any CPU.Build.0 = Release|Any CPU
	EndGlobalSection
	GlobalSection(SolutionProperties) = preSolution
		HideSolutionNode = FALSE
	EndGlobalSection
	GlobalSection(ExtensibilityGlobals) = postSolution
		SolutionGuid = {549F98B1-FDF5-4BD5-A392-C4177272DD7E}
	EndGlobalSection
EndGlobal
